
Microsoft Visual Studio Solution File, Format Version 12.00
# Visual Studio Version 17
VisualStudioVersion = 17.0.31903.59
MinimumVisualStudioVersion = 10.0.40219.1
Project("{FAE04EC0-301F-11D3-BF4B-00C04F79EFBC}") = "spotBackBot", "spotBackBot\spotBackBot.csproj", "{104D4B09-204A-419F-90E6-574BECBB06B0}"
EndProject
Project("{FAE04EC0-301F-11D3-BF4B-00C04F79EFBC}") = "spotBackBotUnitTest", "spotBackBotUnitTest\spotBackBotUnitTest.csproj", "{2FE74FB7-7DEC-473A-BAFA-DDBBF1B00518}"
EndProject
Project("{FAE04EC0-301F-11D3-BF4B-00C04F79EFBC}") = "spotBackBotIntegrationTest", "spotBackBotIntegrationTest\spotBackBotIntegrationTest.csproj", "{09AEA817-B037-4FC9-809C-01170C7DBF97}"
EndProject
Global
	GlobalSection(SolutionConfigurationPlatforms) = preSolution
		Debug|Any CPU = Debug|Any CPU
		Release|Any CPU = Release|Any CPU
	EndGlobalSection
	GlobalSection(SolutionProperties) = preSolution
		HideSolutionNode = FALSE
	EndGlobalSection
	GlobalSection(ProjectConfigurationPlatforms) = postSolution
		{104D4B09-204A-419F-90E6-574BECBB06B0}.Debug|Any CPU.ActiveCfg = Debug|Any CPU
		{104D4B09-204A-419F-90E6-574BECBB06B0}.Debug|Any CPU.Build.0 = Debug|Any CPU
		{104D4B09-204A-419F-90E6-574BECBB06B0}.Release|Any CPU.ActiveCfg = Release|Any CPU
		{104D4B09-204A-419F-90E6-574BECBB06B0}.Release|Any CPU.Build.0 = Release|Any CPU
		{2FE74FB7-7DEC-473A-BAFA-DDBBF1B00518}.Debug|Any CPU.ActiveCfg = Debug|Any CPU
		{2FE74FB7-7DEC-473A-BAFA-DDBBF1B00518}.Debug|Any CPU.Build.0 = Debug|Any CPU
		{2FE74FB7-7DEC-473A-BAFA-DDBBF1B00518}.Release|Any CPU.ActiveCfg = Release|Any CPU
		{2FE74FB7-7DEC-473A-BAFA-DDBBF1B00518}.Release|Any CPU.Build.0 = Release|Any CPU
		{09AEA817-B037-4FC9-809C-01170C7DBF97}.Debug|Any CPU.ActiveCfg = Debug|Any CPU
		{09AEA817-B037-4FC9-809C-01170C7DBF97}.Debug|Any CPU.Build.0 = Debug|Any CPU
		{09AEA817-B037-4FC9-809C-01170C7DBF97}.Release|Any CPU.ActiveCfg = Release|Any CPU
		{09AEA817-B037-4FC9-809C-01170C7DBF97}.Release|Any CPU.Build.0 = Release|Any CPU
	EndGlobalSection
EndGlobal
